
Microsoft Visual Studio Solution File, Format Version 12.00
# Visual Studio Version 16
VisualStudioVersion = 16.0.29613.14
MinimumVisualStudioVersion = 10.0.40219.1
Project("{FAE04EC0-301F-11D3-BF4B-00C04F79EFBC}") = "App01_ConsultarCEP.UWP", "App01_ConsultarCEP\App01_ConsultarCEP.UWP\App01_ConsultarCEP.UWP.csproj", "{AAB68863-67D3-45BB-BCCE-717DAF739594}"
EndProject
Project("{FAE04EC0-301F-11D3-BF4B-00C04F79EFBC}") = "App01_ConsultarCEP.Android", "App01_ConsultarCEP\App01_ConsultarCEP.Android\App01_ConsultarCEP.Android.csproj", "{73E3D249-A39E-46FE-BF13-2A74B4C1D80C}"
EndProject
Project("{FAE04EC0-301F-11D3-BF4B-00C04F79EFBC}") = "App01_ConsultarCEP.iOS", "App01_ConsultarCEP\App01_ConsultarCEP.iOS\App01_ConsultarCEP.iOS.csproj", "{BDE37C0E-925E-405B-BA80-8AEA8D0909DB}"
EndProject
Project("{FAE04EC0-301F-11D3-BF4B-00C04F79EFBC}") = "App01_ConsultarCEP", "App01_ConsultarCEP\App01_ConsultarCEP\App01_ConsultarCEP.csproj", "{656D94A3-943F-4D31-B70E-27670DD1648A}"
EndProject
Global
	GlobalSection(SolutionConfigurationPlatforms) = preSolution
		Debug|Any CPU = Debug|Any CPU
		Debug|ARM = Debug|ARM
		Debug|iPhone = Debug|iPhone
		Debug|iPhoneSimulator = Debug|iPhoneSimulator
		Debug|x64 = Debug|x64
		Debug|x86 = Debug|x86
		Release|Any CPU = Release|Any CPU
		Release|ARM = Release|ARM
		Release|iPhone = Release|iPhone
		Release|iPhoneSimulator = Release|iPhoneSimulator
		Release|x64 = Release|x64
		Release|x86 = Release|x86
	EndGlobalSection
	GlobalSection(ProjectConfigurationPlatforms) = postSolution
		{AAB68863-67D3-45BB-BCCE-717DAF739594}.Debug|Any CPU.ActiveCfg = Debug|x86
		{AAB68863-67D3-45BB-BCCE-717DAF739594}.Debug|Any CPU.Build.0 = Debug|x86
		{AAB68863-67D3-45BB-BCCE-717DAF739594}.Debug|Any CPU.Deploy.0 = Debug|x86
		{AAB68863-67D3-45BB-BCCE-717DAF739594}.Debug|ARM.ActiveCfg = Debug|ARM
		{AAB68863-67D3-45BB-BCCE-717DAF739594}.Debug|ARM.Build.0 = Debug|ARM
		{AAB68863-67D3-45BB-BCCE-717DAF739594}.Debug|ARM.Deploy.0 = Debug|ARM
		{AAB68863-67D3-45BB-BCCE-717DAF739594}.Debug|iPhone.ActiveCfg = Debug|x86
		{AAB68863-67D3-45BB-BCCE-717DAF739594}.Debug|iPhone.Build.0 = Debug|x86
		{AAB68863-67D3-45BB-BCCE-717DAF739594}.Debug|iPhone.Deploy.0 = Debug|x86
		{AAB68863-67D3-45BB-BCCE-717DAF739594}.Debug|iPhoneSimulator.ActiveCfg = Debug|x86
		{AAB68863-67D3-45BB-BCCE-717DAF739594}.Debug|iPhoneSimulator.Build.0 = Debug|x86
		{AAB68863-67D3-45BB-BCCE-717DAF739594}.Debug|iPhoneSimulator.Deploy.0 = Debug|x86
		{AAB68863-67D3-45BB-BCCE-717DAF739594}.Debug|x64.ActiveCfg = Debug|x64
		{AAB68863-67D3-45BB-BCCE-717DAF739594}.Debug|x64.Build.0 = Debug|x64
		{AAB68863-67D3-45BB-BCCE-717DAF739594}.Debug|x64.Deploy.0 = Debug|x64
		{AAB68863-67D3-45BB-BCCE-717DAF739594}.Debug|x86.ActiveCfg = Debug|x86
		{AAB68863-67D3-45BB-BCCE-717DAF739594}.Debug|x86.Build.0 = Debug|x86
		{AAB68863-67D3-45BB-BCCE-717DAF739594}.Debug|x86.Deploy.0 = Debug|x86
		{AAB68863-67D3-45BB-BCCE-717DAF739594}.Release|Any CPU.ActiveCfg = Release|x86
		{AAB68863-67D3-45BB-BCCE-717DAF739594}.Release|Any CPU.Build.0 = Release|x86
		{AAB68863-67D3-45BB-BCCE-717DAF739594}.Release|Any CPU.Deploy.0 = Release|x86
		{AAB68863-67D3-45BB-BCCE-717DAF739594}.Release|ARM.ActiveCfg = Release|ARM
		{AAB68863-67D3-45BB-BCCE-717DAF739594}.Release|ARM.Build.0 = Release|ARM
		{AAB68863-67D3-45BB-BCCE-717DAF739594}.Release|ARM.Deploy.0 = Release|ARM
		{AAB68863-67D3-45BB-BCCE-717DAF739594}.Release|iPhone.ActiveCfg = Release|x86
		{AAB68863-67D3-45BB-BCCE-717DAF739594}.Release|iPhone.Build.0 = Release|x86
		{AAB68863-67D3-45BB-BCCE-717DAF739594}.Release|iPhone.Deploy.0 = Release|x86
		{AAB68863-67D3-45BB-BCCE-717DAF739594}.Release|iPhoneSimulator.ActiveCfg = Release|x86
		{AAB68863-67D3-45BB-BCCE-717DAF739594}.Release|iPhoneSimulator.Build.0 = Release|x86
		{AAB68863-67D3-45BB-BCCE-717DAF739594}.Release|iPhoneSimulator.Deploy.0 = Release|x86
		{AAB68863-67D3-45BB-BCCE-717DAF739594}.Release|x64.ActiveCfg = Release|x64
		{AAB68863-67D3-45BB-BCCE-717DAF739594}.Release|x64.Build.0 = Release|x64
		{AAB68863-67D3-45BB-BCCE-717DAF739594}.Release|x64.Deploy.0 = Release|x64
		{AAB68863-67D3-45BB-BCCE-717DAF739594}.Release|x86.ActiveCfg = Release|x86
		{AAB68863-67D3-45BB-BCCE-717DAF739594}.Release|x86.Build.0 = Release|x86
		{AAB68863-67D3-45BB-BCCE-717DAF739594}.Release|x86.Deploy.0 = Release|x86
		{73E3D249-A39E-46FE-BF13-2A74B4C1D80C}.Debug|Any CPU.ActiveCfg = Debug|Any CPU
		{73E3D249-A39E-46FE-BF13-2A74B4C1D80C}.Debug|Any CPU.Build.0 = Debug|Any CPU
		{73E3D249-A39E-46FE-BF13-2A74B4C1D80C}.Debug|Any CPU.Deploy.0 = Debug|Any CPU
		{73E3D249-A39E-46FE-BF13-2A74B4C1D80C}.Debug|ARM.ActiveCfg = Debug|Any CPU
		{73E3D249-A39E-46FE-BF13-2A74B4C1D80C}.Debug|ARM.Build.0 = Debug|Any CPU
		{73E3D249-A39E-46FE-BF13-2A74B4C1D80C}.Debug|ARM.Deploy.0 = Debug|Any CPU
		{73E3D249-A39E-46FE-BF13-2A74B4C1D80C}.Debug|iPhone.ActiveCfg = Debug|Any CPU
		{73E3D249-A39E-46FE-BF13-2A74B4C1D80C}.Debug|iPhone.Build.0 = Debug|Any CPU
		{73E3D249-A39E-46FE-BF13-2A74B4C1D80C}.Debug|iPhone.Deploy.0 = Debug|Any CPU
		{73E3D249-A39E-46FE-BF13-2A74B4C1D80C}.Debug|iPhoneSimulator.ActiveCfg = Debug|Any CPU
		{73E3D249-A39E-46FE-BF13-2A74B4C1D80C}.Debug|iPhoneSimulator.Build.0 = Debug|Any CPU
		{73E3D249-A39E-46FE-BF13-2A74B4C1D80C}.Debug|iPhoneSimulator.Deploy.0 = Debug|Any CPU
		{73E3D249-A39E-46FE-BF13-2A74B4C1D80C}.Debug|x64.ActiveCfg = Debug|Any CPU
		{73E3D249-A39E-46FE-BF13-2A74B4C1D80C}.Debug|x64.Build.0 = Debug|Any CPU
		{73E3D249-A39E-46FE-BF13-2A74B4C1D80C}.Debug|x64.Deploy.0 = Debug|Any CPU
		{73E3D249-A39E-46FE-BF13-2A74B4C1D80C}.Debug|x86.ActiveCfg = Debug|Any CPU
		{73E3D249-A39E-46FE-BF13-2A74B4C1D80C}.Debug|x86.Build.0 = Debug|Any CPU
		{73E3D249-A39E-46FE-BF13-2A74B4C1D80C}.Debug|x86.Deploy.0 = Debug|Any CPU
		{73E3D249-A39E-46FE-BF13-2A74B4C1D80C}.Release|Any CPU.ActiveCfg = Release|Any CPU
		{73E3D249-A39E-46FE-BF13-2A74B4C1D80C}.Release|Any CPU.Build.0 = Release|Any CPU
		{73E3D249-A39E-46FE-BF13-2A74B4C1D80C}.Release|Any CPU.Deploy.0 = Release|Any CPU
		{73E3D249-A39E-46FE-BF13-2A74B4C1D80C}.Release|ARM.ActiveCfg = Release|Any CPU
		{73E3D249-A39E-46FE-BF13-2A74B4C1D80C}.Release|ARM.Build.0 = Release|Any CPU
		{73E3D249-A39E-46FE-BF13-2A74B4C1D80C}.Release|ARM.Deploy.0 = Release|Any CPU
		{73E3D249-A39E-46FE-BF13-2A74B4C1D80C}.Release|iPhone.ActiveCfg = Release|Any CPU
		{73E3D249-A39E-46FE-BF13-2A74B4C1D80C}.Release|iPhone.Build.0 = Release|Any CPU
		{73E3D249-A39E-46FE-BF13-2A74B4C1D80C}.Release|iPhone.Deploy.0 = Release|Any CPU
		{73E3D249-A39E-46FE-BF13-2A74B4C1D80C}.Release|iPhoneSimulator.ActiveCfg = Release|Any CPU
		{73E3D249-A39E-46FE-BF13-2A74B4C1D80C}.Release|iPhoneSimulator.Build.0 = Release|Any CPU
		{73E3D249-A39E-46FE-BF13-2A74B4C1D80C}.Release|iPhoneSimulator.Deploy.0 = Release|Any CPU
		{73E3D249-A39E-46FE-BF13-2A74B4C1D80C}.Release|x64.ActiveCfg = Release|Any CPU
		{73E3D249-A39E-46FE-BF13-2A74B4C1D80C}.Release|x64.Build.0 = Release|Any CPU
		{73E3D249-A39E-46FE-BF13-2A74B4C1D80C}.Release|x64.Deploy.0 = Release|Any CPU
		{73E3D249-A39E-46FE-BF13-2A74B4C1D80C}.Release|x86.ActiveCfg = Release|Any CPU
		{73E3D249-A39E-46FE-BF13-2A74B4C1D80C}.Release|x86.Build.0 = Release|Any CPU
		{73E3D249-A39E-46FE-BF13-2A74B4C1D80C}.Release|x86.Deploy.0 = Release|Any CPU
		{BDE37C0E-925E-405B-BA80-8AEA8D0909DB}.Debug|Any CPU.ActiveCfg = Debug|iPhone
		{BDE37C0E-925E-405B-BA80-8AEA8D0909DB}.Debug|Any CPU.Build.0 = Debug|iPhone
		{BDE37C0E-925E-405B-BA80-8AEA8D0909DB}.Debug|Any CPU.Deploy.0 = Debug|iPhone
		{BDE37C0E-925E-405B-BA80-8AEA8D0909DB}.Debug|ARM.ActiveCfg = Debug|iPhoneSimulator
		{BDE37C0E-925E-405B-BA80-8AEA8D0909DB}.Debug|ARM.Build.0 = Debug|iPhoneSimulator
		{BDE37C0E-925E-405B-BA80-8AEA8D0909DB}.Debug|ARM.Deploy.0 = Debug|iPhoneSimulator
		{BDE37C0E-925E-405B-BA80-8AEA8D0909DB}.Debug|iPhone.ActiveCfg = Debug|iPhone
		{BDE37C0E-925E-405B-BA80-8AEA8D0909DB}.Debug|iPhone.Build.0 = Debug|iPhone
		{BDE37C0E-925E-405B-BA80-8AEA8D0909DB}.Debug|iPhone.Deploy.0 = Debug|iPhone
		{BDE37C0E-925E-405B-BA80-8AEA8D0909DB}.Debug|iPhoneSimulator.ActiveCfg = Debug|iPhoneSimulator
		{BDE37C0E-925E-405B-BA80-8AEA8D0909DB}.Debug|iPhoneSimulator.Build.0 = Debug|iPhoneSimulator
		{BDE37C0E-925E-405B-BA80-8AEA8D0909DB}.Debug|iPhoneSimulator.Deploy.0 = Debug|iPhoneSimulator
		{BDE37C0E-925E-405B-BA80-8AEA8D0909DB}.Debug|x64.ActiveCfg = Debug|iPhone
		{BDE37C0E-925E-405B-BA80-8AEA8D0909DB}.Debug|x64.Build.0 = Debug|iPhone
		{BDE37C0E-925E-405B-BA80-8AEA8D0909DB}.Debug|x64.Deploy.0 = Debug|iPhone
		{BDE37C0E-925E-405B-BA80-8AEA8D0909DB}.Debug|x86.ActiveCfg = Debug|iPhone
		{BDE37C0E-925E-405B-BA80-8AEA8D0909DB}.Debug|x86.Build.0 = Debug|iPhone
		{BDE37C0E-925E-405B-BA80-8AEA8D0909DB}.Debug|x86.Deploy.0 = Debug|iPhone
		{BDE37C0E-925E-405B-BA80-8AEA8D0909DB}.Release|Any CPU.ActiveCfg = Release|iPhone
		{BDE37C0E-925E-405B-BA80-8AEA8D0909DB}.Release|Any CPU.Build.0 = Release|iPhone
		{BDE37C0E-925E-405B-BA80-8AEA8D0909DB}.Release|Any CPU.Deploy.0 = Release|iPhone
		{BDE37C0E-925E-405B-BA80-8AEA8D0909DB}.Release|ARM.ActiveCfg = Release|iPhone
		{BDE37C0E-925E-405B-BA80-8AEA8D0909DB}.Release|ARM.Build.0 = Release|iPhone
		{BDE37C0E-925E-405B-BA80-8AEA8D0909DB}.Release|ARM.Deploy.0 = Release|iPhone
		{BDE37C0E-925E-405B-BA80-8AEA8D0909DB}.Release|iPhone.ActiveCfg = Release|iPhone
		{BDE37C0E-925E-405B-BA80-8AEA8D0909DB}.Release|iPhone.Build.0 = Release|iPhone
		{BDE37C0E-925E-405B-BA80-8AEA8D0909DB}.Release|iPhone.Deploy.0 = Release|iPhone
		{BDE37C0E-925E-405B-BA80-8AEA8D0909DB}.Release|iPhoneSimulator.ActiveCfg = Release|iPhoneSimulator
		{BDE37C0E-925E-405B-BA80-8AEA8D0909DB}.Release|iPhoneSimulator.Build.0 = Release|iPhoneSimulator
		{BDE37C0E-925E-405B-BA80-8AEA8D0909DB}.Release|iPhoneSimulator.Deploy.0 = Release|iPhoneSimulator
		{BDE37C0E-925E-405B-BA80-8AEA8D0909DB}.Release|x64.ActiveCfg = Release|iPhone
		{BDE37C0E-925E-405B-BA80-8AEA8D0909DB}.Release|x64.Build.0 = Release|iPhone
		{BDE37C0E-925E-405B-BA80-8AEA8D0909DB}.Release|x64.Deploy.0 = Release|iPhone
		{BDE37C0E-925E-405B-BA80-8AEA8D0909DB}.Release|x86.ActiveCfg = Release|iPhone
		{BDE37C0E-925E-405B-BA80-8AEA8D0909DB}.Release|x86.Build.0 = Release|iPhone
		{BDE37C0E-925E-405B-BA80-8AEA8D0909DB}.Release|x86.Deploy.0 = Release|iPhone
		{656D94A3-943F-4D31-B70E-27670DD1648A}.Debug|Any CPU.ActiveCfg = Debug|Any CPU
		{656D94A3-943F-4D31-B70E-27670DD1648A}.Debug|Any CPU.Build.0 = Debug|Any CPU
		{656D94A3-943F-4D31-B70E-27670DD1648A}.Debug|Any CPU.Deploy.0 = Debug|Any CPU
		{656D94A3-943F-4D31-B70E-27670DD1648A}.Debug|ARM.ActiveCfg = Debug|Any CPU
		{656D94A3-943F-4D31-B70E-27670DD1648A}.Debug|ARM.Build.0 = Debug|Any CPU
		{656D94A3-943F-4D31-B70E-27670DD1648A}.Debug|ARM.Deploy.0 = Debug|Any CPU
		{656D94A3-943F-4D31-B70E-27670DD1648A}.Debug|iPhone.ActiveCfg = Debug|Any CPU
		{656D94A3-943F-4D31-B70E-27670DD1648A}.Debug|iPhone.Build.0 = Debug|Any CPU
		{656D94A3-943F-4D31-B70E-27670DD1648A}.Debug|iPhone.Deploy.0 = Debug|Any CPU
		{656D94A3-943F-4D31-B70E-27670DD1648A}.Debug|iPhoneSimulator.ActiveCfg = Debug|Any CPU
		{656D94A3-943F-4D31-B70E-27670DD1648A}.Debug|iPhoneSimulator.Build.0 = Debug|Any CPU
		{656D94A3-943F-4D31-B70E-27670DD1648A}.Debug|iPhoneSimulator.Deploy.0 = Debug|Any CPU
		{656D94A3-943F-4D31-B70E-27670DD1648A}.Debug|x64.ActiveCfg = Debug|Any CPU
		{656D94A3-943F-4D31-B70E-27670DD1648A}.Debug|x64.Build.0 = Debug|Any CPU
		{656D94A3-943F-4D31-B70E-27670DD1648A}.Debug|x64.Deploy.0 = Debug|Any CPU
		{656D94A3-943F-4D31-B70E-27670DD1648A}.Debug|x86.ActiveCfg = Debug|Any CPU
		{656D94A3-943F-4D31-B70E-27670DD1648A}.Debug|x86.Build.0 = Debug|Any CPU
		{656D94A3-943F-4D31-B70E-27670DD1648A}.Debug|x86.Deploy.0 = Debug|Any CPU
		{656D94A3-943F-4D31-B70E-27670DD1648A}.Release|Any CPU.ActiveCfg = Release|Any CPU
		{656D94A3-943F-4D31-B70E-27670DD1648A}.Release|Any CPU.Build.0 = Release|Any CPU
		{656D94A3-943F-4D31-B70E-27670DD1648A}.Release|Any CPU.Deploy.0 = Release|Any CPU
		{656D94A3-943F-4D31-B70E-27670DD1648A}.Release|ARM.ActiveCfg = Release|Any CPU
		{656D94A3-943F-4D31-B70E-27670DD1648A}.Release|ARM.Build.0 = Release|Any CPU
		{656D94A3-943F-4D31-B70E-27670DD1648A}.Release|ARM.Deploy.0 = Release|Any CPU
		{656D94A3-943F-4D31-B70E-27670DD1648A}.Release|iPhone.ActiveCfg = Release|Any CPU
		{656D94A3-943F-4D31-B70E-27670DD1648A}.Release|iPhone.Build.0 = Release|Any CPU
		{656D94A3-943F-4D31-B70E-27670DD1648A}.Release|iPhone.Deploy.0 = Release|Any CPU
		{656D94A3-943F-4D31-B70E-27670DD1648A}.Release|iPhoneSimulator.ActiveCfg = Release|Any CPU
		{656D94A3-943F-4D31-B70E-27670DD1648A}.Release|iPhoneSimulator.Build.0 = Release|Any CPU
		{656D94A3-943F-4D31-B70E-27670DD1648A}.Release|iPhoneSimulator.Deploy.0 = Release|Any CPU
		{656D94A3-943F-4D31-B70E-27670DD1648A}.Release|x64.ActiveCfg = Release|Any CPU
		{656D94A3-943F-4D31-B70E-27670DD1648A}.Release|x64.Build.0 = Release|Any CPU
		{656D94A3-943F-4D31-B70E-27670DD1648A}.Release|x64.Deploy.0 = Release|Any CPU
		{656D94A3-943F-4D31-B70E-27670DD1648A}.Release|x86.ActiveCfg = Release|Any CPU
		{656D94A3-943F-4D31-B70E-27670DD1648A}.Release|x86.Build.0 = Release|Any CPU
		{656D94A3-943F-4D31-B70E-27670DD1648A}.Release|x86.Deploy.0 = Release|Any CPU
	EndGlobalSection
	GlobalSection(SolutionProperties) = preSolution
		HideSolutionNode = FALSE
	EndGlobalSection
	GlobalSection(ExtensibilityGlobals) = postSolution
		SolutionGuid = {922A472C-87E9-4623-BCDC-9822FC590BB1}
	EndGlobalSection
EndGlobal
